// !$*UTF8*$!
{
	archiveVersion = 1;
	classes = {
	};
	objectVersion = 50;
	objects = {

/* Begin PBXBuildFile section */
		C37E66602729D1F4009DA89D /* AppDelegate.swift in Sources */ = {isa = PBXBuildFile; fileRef = C37E665F2729D1F4009DA89D /* AppDelegate.swift */; };
		C37E66622729D1F4009DA89D /* SceneDelegate.swift in Sources */ = {isa = PBXBuildFile; fileRef = C37E66612729D1F4009DA89D /* SceneDelegate.swift */; };
		C37E66642729D1F4009DA89D /* StartupScreenViewController.swift in Sources */ = {isa = PBXBuildFile; fileRef = C37E66632729D1F4009DA89D /* StartupScreenViewController.swift */; };
		C37E66672729D1F4009DA89D /* Main.storyboard in Resources */ = {isa = PBXBuildFile; fileRef = C37E66652729D1F4009DA89D /* Main.storyboard */; };
		C37E66692729D1FD009DA89D /* Assets.xcassets in Resources */ = {isa = PBXBuildFile; fileRef = C37E66682729D1FD009DA89D /* Assets.xcassets */; };
		C37E666C2729D1FD009DA89D /* LaunchScreen.storyboard in Resources */ = {isa = PBXBuildFile; fileRef = C37E666A2729D1FD009DA89D /* LaunchScreen.storyboard */; };
		C37E66772729D613009DA89D /* LoginViewController.swift in Sources */ = {isa = PBXBuildFile; fileRef = C37E66762729D613009DA89D /* LoginViewController.swift */; };
		C37E667A2729D62B009DA89D /* RegisterViewController.swift in Sources */ = {isa = PBXBuildFile; fileRef = C37E66792729D62B009DA89D /* RegisterViewController.swift */; };
		C37E667D2729D634009DA89D /* HomeViewController.swift in Sources */ = {isa = PBXBuildFile; fileRef = C37E667C2729D634009DA89D /* HomeViewController.swift */; };
		C37E66802729D640009DA89D /* GroceryListViewController.swift in Sources */ = {isa = PBXBuildFile; fileRef = C37E667F2729D640009DA89D /* GroceryListViewController.swift */; };
		C37E66832729D653009DA89D /* RecipesViewController.swift in Sources */ = {isa = PBXBuildFile; fileRef = C37E66822729D653009DA89D /* RecipesViewController.swift */; };
		C37E66862729D6BB009DA89D /* Constants.swift in Sources */ = {isa = PBXBuildFile; fileRef = C37E66852729D6BB009DA89D /* Constants.swift */; };
/* End PBXBuildFile section */

/* Begin PBXFileReference section */
		C37E665C2729D1F4009DA89D /* MHacksMealPlanningApp.app */ = {isa = PBXFileReference; explicitFileType = wrapper.application; includeInIndex = 0; path = MHacksMealPlanningApp.app; sourceTree = BUILT_PRODUCTS_DIR; };
		C37E665F2729D1F4009DA89D /* AppDelegate.swift */ = {isa = PBXFileReference; lastKnownFileType = sourcecode.swift; path = AppDelegate.swift; sourceTree = "<group>"; };
		C37E66612729D1F4009DA89D /* SceneDelegate.swift */ = {isa = PBXFileReference; lastKnownFileType = sourcecode.swift; path = SceneDelegate.swift; sourceTree = "<group>"; };
		C37E66632729D1F4009DA89D /* StartupScreenViewController.swift */ = {isa = PBXFileReference; lastKnownFileType = sourcecode.swift; path = StartupScreenViewController.swift; sourceTree = "<group>"; };
		C37E66662729D1F4009DA89D /* Base */ = {isa = PBXFileReference; lastKnownFileType = file.storyboard; name = Base; path = Base.lproj/Main.storyboard; sourceTree = "<group>"; };
		C37E66682729D1FD009DA89D /* Assets.xcassets */ = {isa = PBXFileReference; lastKnownFileType = folder.assetcatalog; path = Assets.xcassets; sourceTree = "<group>"; };
		C37E666B2729D1FD009DA89D /* Base */ = {isa = PBXFileReference; lastKnownFileType = file.storyboard; name = Base; path = Base.lproj/LaunchScreen.storyboard; sourceTree = "<group>"; };
		C37E666D2729D1FD009DA89D /* Info.plist */ = {isa = PBXFileReference; lastKnownFileType = text.plist.xml; path = Info.plist; sourceTree = "<group>"; };
		C37E66762729D613009DA89D /* LoginViewController.swift */ = {isa = PBXFileReference; lastKnownFileType = sourcecode.swift; path = LoginViewController.swift; sourceTree = "<group>"; };
		C37E66792729D62B009DA89D /* RegisterViewController.swift */ = {isa = PBXFileReference; lastKnownFileType = sourcecode.swift; path = RegisterViewController.swift; sourceTree = "<group>"; };
		C37E667C2729D634009DA89D /* HomeViewController.swift */ = {isa = PBXFileReference; lastKnownFileType = sourcecode.swift; path = HomeViewController.swift; sourceTree = "<group>"; };
		C37E667F2729D640009DA89D /* GroceryListViewController.swift */ = {isa = PBXFileReference; lastKnownFileType = sourcecode.swift; path = GroceryListViewController.swift; sourceTree = "<group>"; };
		C37E66822729D653009DA89D /* RecipesViewController.swift */ = {isa = PBXFileReference; lastKnownFileType = sourcecode.swift; path = RecipesViewController.swift; sourceTree = "<group>"; };
		C37E66852729D6BB009DA89D /* Constants.swift */ = {isa = PBXFileReference; lastKnownFileType = sourcecode.swift; path = Constants.swift; sourceTree = "<group>"; };
/* End PBXFileReference section */

/* Begin PBXFrameworksBuildPhase section */
		C37E66592729D1F4009DA89D /* Frameworks */ = {
			isa = PBXFrameworksBuildPhase;
			buildActionMask = 2147483647;
			files = (
			);
			runOnlyForDeploymentPostprocessing = 0;
		};
/* End PBXFrameworksBuildPhase section */

/* Begin PBXGroup section */
		C37E66532729D1F4009DA89D = {
			isa = PBXGroup;
			children = (
				C37E665E2729D1F4009DA89D /* MHacksMealPlanningApp */,
				C37E665D2729D1F4009DA89D /* Products */,
			);
			sourceTree = "<group>";
		};
		C37E665D2729D1F4009DA89D /* Products */ = {
			isa = PBXGroup;
			children = (
				C37E665C2729D1F4009DA89D /* MHacksMealPlanningApp.app */,
			);
			name = Products;
			sourceTree = "<group>";
		};
		C37E665E2729D1F4009DA89D /* MHacksMealPlanningApp */ = {
			isa = PBXGroup;
			children = (
				C37E665F2729D1F4009DA89D /* AppDelegate.swift */,
				C37E66612729D1F4009DA89D /* SceneDelegate.swift */,
				C37E66652729D1F4009DA89D /* Main.storyboard */,
				C37E66742729D58F009DA89D /* View Controllers */,
				C37E66682729D1FD009DA89D /* Assets.xcassets */,
				C37E666A2729D1FD009DA89D /* LaunchScreen.storyboard */,
				C37E666D2729D1FD009DA89D /* Info.plist */,
				C37E66852729D6BB009DA89D /* Constants.swift */,
			);
			path = MHacksMealPlanningApp;
			sourceTree = "<group>";
		};
		C37E66742729D58F009DA89D /* View Controllers */ = {
			isa = PBXGroup;
			children = (
				C37E66632729D1F4009DA89D /* StartupScreenViewController.swift */,
				C37E66762729D613009DA89D /* LoginViewController.swift */,
				C37E66792729D62B009DA89D /* RegisterViewController.swift */,
				C37E667C2729D634009DA89D /* HomeViewController.swift */,
				C37E667F2729D640009DA89D /* GroceryListViewController.swift */,
				C37E66822729D653009DA89D /* RecipesViewController.swift */,
			);
			path = "View Controllers";
			sourceTree = "<group>";
		};
/* End PBXGroup section */

/* Begin PBXNativeTarget section */
		C37E665B2729D1F4009DA89D /* MHacksMealPlanningApp */ = {
			isa = PBXNativeTarget;
			buildConfigurationList = C37E66702729D1FD009DA89D /* Build configuration list for PBXNativeTarget "MHacksMealPlanningApp" */;
			buildPhases = (
				C37E66582729D1F4009DA89D /* Sources */,
				C37E66592729D1F4009DA89D /* Frameworks */,
				C37E665A2729D1F4009DA89D /* Resources */,
			);
			buildRules = (
			);
			dependencies = (
			);
			name = MHacksMealPlanningApp;
			productName = MHacksMealPlanningApp;
			productReference = C37E665C2729D1F4009DA89D /* MHacksMealPlanningApp.app */;
			productType = "com.apple.product-type.application";
		};
/* End PBXNativeTarget section */

/* Begin PBXProject section */
		C37E66542729D1F4009DA89D /* Project object */ = {
			isa = PBXProject;
			attributes = {
				LastSwiftUpdateCheck = 1240;
				LastUpgradeCheck = 1240;
				TargetAttributes = {
					C37E665B2729D1F4009DA89D = {
						CreatedOnToolsVersion = 12.4;
					};
				};
			};
			buildConfigurationList = C37E66572729D1F4009DA89D /* Build configuration list for PBXProject "MHacksMealPlanningApp" */;
			compatibilityVersion = "Xcode 9.3";
			developmentRegion = en;
			hasScannedForEncodings = 0;
			knownRegions = (
				en,
				Base,
			);
			mainGroup = C37E66532729D1F4009DA89D;
			productRefGroup = C37E665D2729D1F4009DA89D /* Products */;
			projectDirPath = "";
			projectRoot = "";
			targets = (
				C37E665B2729D1F4009DA89D /* MHacksMealPlanningApp */,
			);
		};
/* End PBXProject section */

/* Begin PBXResourcesBuildPhase section */
		C37E665A2729D1F4009DA89D /* Resources */ = {
			isa = PBXResourcesBuildPhase;
			buildActionMask = 2147483647;
			files = (
				C37E666C2729D1FD009DA89D /* LaunchScreen.storyboard in Resources */,
				C37E66692729D1FD009DA89D /* Assets.xcassets in Resources */,
				C37E66672729D1F4009DA89D /* Main.storyboard in Resources */,
			);
			runOnlyForDeploymentPostprocessing = 0;
		};
/* End PBXResourcesBuildPhase section */

/* Begin PBXSourcesBuildPhase section */
		C37E66582729D1F4009DA89D /* Sources */ = {
			isa = PBXSourcesBuildPhase;
			buildActionMask = 2147483647;
			files = (
				C37E66832729D653009DA89D /* RecipesViewController.swift in Sources */,
				C37E66772729D613009DA89D /* LoginViewController.swift in Sources */,
				C37E66802729D640009DA89D /* GroceryListViewController.swift in Sources */,
				C37E667A2729D62B009DA89D /* RegisterViewController.swift in Sources */,
				C37E66642729D1F4009DA89D /* StartupScreenViewController.swift in Sources */,
				C37E66602729D1F4009DA89D /* AppDelegate.swift in Sources */,
				C37E66622729D1F4009DA89D /* SceneDelegate.swift in Sources */,
				C37E667D2729D634009DA89D /* HomeViewController.swift in Sources */,
				C37E66862729D6BB009DA89D /* Constants.swift in Sources */,
			);
			runOnlyForDeploymentPostprocessing = 0;
		};
/* End PBXSourcesBuildPhase section */

/* Begin PBXVariantGroup section */
		C37E66652729D1F4009DA89D /* Main.storyboard */ = {
			isa = PBXVariantGroup;
			children = (
				C37E66662729D1F4009DA89D /* Base */,
			);
			name = Main.storyboard;
			sourceTree = "<group>";
		};
		C37E666A2729D1FD009DA89D /* LaunchScreen.storyboard */ = {
			isa = PBXVariantGroup;
			children = (
				C37E666B2729D1FD009DA89D /* Base */,
			);
			name = LaunchScreen.storyboard;
			sourceTree = "<group>";
		};
/* End PBXVariantGroup section */

/* Begin XCBuildConfiguration section */
		C37E666E2729D1FD009DA89D /* Debug */ = {
			isa = XCBuildConfiguration;
			buildSettings = {
				ALWAYS_SEARCH_USER_PATHS = NO;
				CLANG_ANALYZER_NONNULL = YES;
				CLANG_ANALYZER_NUMBER_OBJECT_CONVERSION = YES_AGGRESSIVE;
				CLANG_CXX_LANGUAGE_STANDARD = "gnu++14";
				CLANG_CXX_LIBRARY = "libc++";
				CLANG_ENABLE_MODULES = YES;
				CLANG_ENABLE_OBJC_ARC = YES;
				CLANG_ENABLE_OBJC_WEAK = YES;
				CLANG_WARN_BLOCK_CAPTURE_AUTORELEASING = YES;
				CLANG_WARN_BOOL_CONVERSION = YES;
				CLANG_WARN_COMMA = YES;
				CLANG_WARN_CONSTANT_CONVERSION = YES;
				CLANG_WARN_DEPRECATED_OBJC_IMPLEMENTATIONS = YES;
				CLANG_WARN_DIRECT_OBJC_ISA_USAGE = YES_ERROR;
				CLANG_WARN_DOCUMENTATION_COMMENTS = YES;
				CLANG_WARN_EMPTY_BODY = YES;
				CLANG_WARN_ENUM_CONVERSION = YES;
				CLANG_WARN_INFINITE_RECURSION = YES;
				CLANG_WARN_INT_CONVERSION = YES;
				CLANG_WARN_NON_LITERAL_NULL_CONVERSION = YES;
				CLANG_WARN_OBJC_IMPLICIT_RETAIN_SELF = YES;
				CLANG_WARN_OBJC_LITERAL_CONVERSION = YES;
				CLANG_WARN_OBJC_ROOT_CLASS = YES_ERROR;
				CLANG_WARN_QUOTED_INCLUDE_IN_FRAMEWORK_HEADER = YES;
				CLANG_WARN_RANGE_LOOP_ANALYSIS = YES;
				CLANG_WARN_STRICT_PROTOTYPES = YES;
				CLANG_WARN_SUSPICIOUS_MOVE = YES;
				CLANG_WARN_UNGUARDED_AVAILABILITY = YES_AGGRESSIVE;
				CLANG_WARN_UNREACHABLE_CODE = YES;
				CLANG_WARN__DUPLICATE_METHOD_MATCH = YES;
				COPY_PHASE_STRIP = NO;
				DEBUG_INFORMATION_FORMAT = dwarf;
				ENABLE_STRICT_OBJC_MSGSEND = YES;
				ENABLE_TESTABILITY = YES;
				GCC_C_LANGUAGE_STANDARD = gnu11;
				GCC_DYNAMIC_NO_PIC = NO;
				GCC_NO_COMMON_BLOCKS = YES;
				GCC_OPTIMIZATION_LEVEL = 0;
				GCC_PREPROCESSOR_DEFINITIONS = (
					"DEBUG=1",
					"$(inherited)",
				);
				GCC_WARN_64_TO_32_BIT_CONVERSION = YES;
				GCC_WARN_ABOUT_RETURN_TYPE = YES_ERROR;
				GCC_WARN_UNDECLARED_SELECTOR = YES;
				GCC_WARN_UNINITIALIZED_AUTOS = YES_AGGRESSIVE;
				GCC_WARN_UNUSED_FUNCTION = YES;
				GCC_WARN_UNUSED_VARIABLE = YES;
				IPHONEOS_DEPLOYMENT_TARGET = 14.4;
				MTL_ENABLE_DEBUG_INFO = INCLUDE_SOURCE;
				MTL_FAST_MATH = YES;
				ONLY_ACTIVE_ARCH = YES;
				SDKROOT = iphoneos;
				SWIFT_ACTIVE_COMPILATION_CONDITIONS = DEBUG;
				SWIFT_OPTIMIZATION_LEVEL = "-Onone";
			};
			name = Debug;
		};
		C37E666F2729D1FD009DA89D /* Release */ = {
			isa = XCBuildConfiguration;
			buildSettings = {
				ALWAYS_SEARCH_USER_PATHS = NO;
				CLANG_ANALYZER_NONNULL = YES;
				CLANG_ANALYZER_NUMBER_OBJECT_CONVERSION = YES_AGGRESSIVE;
				CLANG_CXX_LANGUAGE_STANDARD = "gnu++14";
				CLANG_CXX_LIBRARY = "libc++";
				CLANG_ENABLE_MODULES = YES;
				CLANG_ENABLE_OBJC_ARC = YES;
				CLANG_ENABLE_OBJC_WEAK = YES;
				CLANG_WARN_BLOCK_CAPTURE_AUTORELEASING = YES;
				CLANG_WARN_BOOL_CONVERSION = YES;
				CLANG_WARN_COMMA = YES;
				CLANG_WARN_CONSTANT_CONVERSION = YES;
				CLANG_WARN_DEPRECATED_OBJC_IMPLEMENTATIONS = YES;
				CLANG_WARN_DIRECT_OBJC_ISA_USAGE = YES_ERROR;
				CLANG_WARN_DOCUMENTATION_COMMENTS = YES;
				CLANG_WARN_EMPTY_BODY = YES;
				CLANG_WARN_ENUM_CONVERSION = YES;
				CLANG_WARN_INFINITE_RECURSION = YES;
				CLANG_WARN_INT_CONVERSION = YES;
				CLANG_WARN_NON_LITERAL_NULL_CONVERSION = YES;
				CLANG_WARN_OBJC_IMPLICIT_RETAIN_SELF = YES;
				CLANG_WARN_OBJC_LITERAL_CONVERSION = YES;
				CLANG_WARN_OBJC_ROOT_CLASS = YES_ERROR;
				CLANG_WARN_QUOTED_INCLUDE_IN_FRAMEWORK_HEADER = YES;
				CLANG_WARN_RANGE_LOOP_ANALYSIS = YES;
				CLANG_WARN_STRICT_PROTOTYPES = YES;
				CLANG_WARN_SUSPICIOUS_MOVE = YES;
				CLANG_WARN_UNGUARDED_AVAILABILITY = YES_AGGRESSIVE;
				CLANG_WARN_UNREACHABLE_CODE = YES;
				CLANG_WARN__DUPLICATE_METHOD_MATCH = YES;
				COPY_PHASE_STRIP = NO;
				DEBUG_INFORMATION_FORMAT = "dwarf-with-dsym";
				ENABLE_NS_ASSERTIONS = NO;
				ENABLE_STRICT_OBJC_MSGSEND = YES;
				GCC_C_LANGUAGE_STANDARD = gnu11;
				GCC_NO_COMMON_BLOCKS = YES;
				GCC_WARN_64_TO_32_BIT_CONVERSION = YES;
				GCC_WARN_ABOUT_RETURN_TYPE = YES_ERROR;
				GCC_WARN_UNDECLARED_SELECTOR = YES;
				GCC_WARN_UNINITIALIZED_AUTOS = YES_AGGRESSIVE;
				GCC_WARN_UNUSED_FUNCTION = YES;
				GCC_WARN_UNUSED_VARIABLE = YES;
				IPHONEOS_DEPLOYMENT_TARGET = 14.4;
				MTL_ENABLE_DEBUG_INFO = NO;
				MTL_FAST_MATH = YES;
				SDKROOT = iphoneos;
				SWIFT_COMPILATION_MODE = wholemodule;
				SWIFT_OPTIMIZATION_LEVEL = "-O";
				VALIDATE_PRODUCT = YES;
			};
			name = Release;
		};
		C37E66712729D1FD009DA89D /* Debug */ = {
			isa = XCBuildConfiguration;
			buildSettings = {
				ASSETCATALOG_COMPILER_APPICON_NAME = AppIcon;
				ASSETCATALOG_COMPILER_GLOBAL_ACCENT_COLOR_NAME = AccentColor;
				CODE_SIGN_STYLE = Automatic;
				INFOPLIST_FILE = MHacksMealPlanningApp/Info.plist;
				LD_RUNPATH_SEARCH_PATHS = (
					"$(inherited)",
					"@executable_path/Frameworks",
				);
				PRODUCT_BUNDLE_IDENTIFIER = com.drewscheffer.MHacksMealPlanningApp;
				PRODUCT_NAME = "$(TARGET_NAME)";
				SWIFT_VERSION = 5.0;
				TARGETED_DEVICE_FAMILY = "1,2";
			};
			name = Debug;
		};
		C37E66722729D1FD009DA89D /* Release */ = {
			isa = XCBuildConfiguration;
			buildSettings = {
				ASSETCATALOG_COMPILER_APPICON_NAME = AppIcon;
				ASSETCATALOG_COMPILER_GLOBAL_ACCENT_COLOR_NAME = AccentColor;
				CODE_SIGN_STYLE = Automatic;
				INFOPLIST_FILE = MHacksMealPlanningApp/Info.plist;
				LD_RUNPATH_SEARCH_PATHS = (
					"$(inherited)",
					"@executable_path/Frameworks",
				);
				PRODUCT_BUNDLE_IDENTIFIER = com.drewscheffer.MHacksMealPlanningApp;
				PRODUCT_NAME = "$(TARGET_NAME)";
				SWIFT_VERSION = 5.0;
				TARGETED_DEVICE_FAMILY = "1,2";
			};
			name = Release;
		};
/* End XCBuildConfiguration section */

/* Begin XCConfigurationList section */
		C37E66572729D1F4009DA89D /* Build configuration list for PBXProject "MHacksMealPlanningApp" */ = {
			isa = XCConfigurationList;
			buildConfigurations = (
				C37E666E2729D1FD009DA89D /* Debug */,
				C37E666F2729D1FD009DA89D /* Release */,
			);
			defaultConfigurationIsVisible = 0;
			defaultConfigurationName = Release;
		};
		C37E66702729D1FD009DA89D /* Build configuration list for PBXNativeTarget "MHacksMealPlanningApp" */ = {
			isa = XCConfigurationList;
			buildConfigurations = (
				C37E66712729D1FD009DA89D /* Debug */,
				C37E66722729D1FD009DA89D /* Release */,
			);
			defaultConfigurationIsVisible = 0;
			defaultConfigurationName = Release;
		};
/* End XCConfigurationList section */
	};
	rootObject = C37E66542729D1F4009DA89D /* Project object */;
}
